<?xml version="1.0" encoding="utf-8"?>
<Project ToolsVersion="4.0" xmlns="http://schemas.microsoft.com/developer/msbuild/2003">
  <ItemGroup>
    <ClCompile Include="APIS3D_2023.cpp">
      <Filter>source</Filter>
    </ClCompile>
    <ClCompile Include="Entity.cpp">
      <Filter>source</Filter>
    </ClCompile>
    <ClCompile Include="FactoryEngine.cpp">
      <Filter>source</Filter>
    </ClCompile>
    <ClCompile Include="GL1Render.cpp">
      <Filter>source</Filter>
    </ClCompile>
    <ClCompile Include="GL4Render.cpp">
      <Filter>source</Filter>
    </ClCompile>
    <ClCompile Include="GLFWInputManager.cpp">
      <Filter>source</Filter>
    </ClCompile>
    <ClCompile Include="GLSLMaterial.cpp">
      <Filter>source</Filter>
    </ClCompile>
    <ClCompile Include="GLSLShader.cpp">
      <Filter>source</Filter>
    </ClCompile>
    <ClCompile Include="InputManager.cpp">
      <Filter>source</Filter>
    </ClCompile>
    <ClCompile Include="Material.cpp">
      <Filter>source</Filter>
    </ClCompile>
    <ClCompile Include="Mesh3D.cpp">
      <Filter>source</Filter>
    </ClCompile>
    <ClCompile Include="Object.cpp">
      <Filter>source</Filter>
    </ClCompile>
    <ClCompile Include="Object3D.cpp">
      <Filter>source</Filter>
    </ClCompile>
    <ClCompile Include="Render.cpp">
      <Filter>source</Filter>
    </ClCompile>
    <ClCompile Include="System.cpp">
      <Filter>source</Filter>
    </ClCompile>
    <ClCompile Include="TrianguloRot.cpp">
      <Filter>source</Filter>
    </ClCompile>
    <ClCompile Include="vertex_t.cpp">
      <Filter>source</Filter>
    </ClCompile>
    <ClCompile Include="Camera.cpp">
      <Filter>source</Filter>
    </ClCompile>
    <ClCompile Include="CameraKeyboard.cpp">
      <Filter>source</Filter>
    </ClCompile>
    <ClCompile Include="CubeTex.cpp">
      <Filter>source</Filter>
    </ClCompile>
    <ClCompile Include="GLTexture.cpp">
      <Filter>source</Filter>
    </ClCompile>
    <ClCompile Include="Texture.cpp">
      <Filter>source</Filter>
    </ClCompile>
    <ClCompile Include="utils.cpp">
      <Filter>source</Filter>
    </ClCompile>
    <ClCompile Include="Light.cpp">
      <Filter>source</Filter>
    </ClCompile>
    <ClCompile Include="OrbitalLight.cpp">
      <Filter>source</Filter>
    </ClCompile>
    <ClCompile Include="RenderProgram.cpp">
      <Filter>source</Filter>
    </ClCompile>
    <ClCompile Include="Billboard.cpp" />
    <ClCompile Include="Particle.cpp" />
    <ClCompile Include="State.cpp" />
    <ClCompile Include="Emitter.cpp" />
  </ItemGroup>
  <ItemGroup>
    <ClInclude Include="common.h">
      <Filter>headers</Filter>
    </ClInclude>
    <ClInclude Include="Entity.h">
      <Filter>headers</Filter>
    </ClInclude>
    <ClInclude Include="FactoryEngine.h">
      <Filter>headers</Filter>
    </ClInclude>
    <ClInclude Include="GL1Render.h">
      <Filter>headers</Filter>
    </ClInclude>
    <ClInclude Include="GL4Render.h">
      <Filter>headers</Filter>
    </ClInclude>
    <ClInclude Include="GLFWInputManager.h">
      <Filter>headers</Filter>
    </ClInclude>
    <ClInclude Include="GLSLMaterial.h">
      <Filter>headers</Filter>
    </ClInclude>
    <ClInclude Include="GLSLShader.h">
      <Filter>headers</Filter>
    </ClInclude>
    <ClInclude Include="InputManager.h">
      <Filter>headers</Filter>
    </ClInclude>
    <ClInclude Include="Material.h">
      <Filter>headers</Filter>
    </ClInclude>
    <ClInclude Include="Mesh3D.h">
      <Filter>headers</Filter>
    </ClInclude>
    <ClInclude Include="Object.h">
      <Filter>headers</Filter>
    </ClInclude>
    <ClInclude Include="Object3D.h">
      <Filter>headers</Filter>
    </ClInclude>
    <ClInclude Include="Render.h">
      <Filter>headers</Filter>
    </ClInclude>
    <ClInclude Include="System.h">
      <Filter>headers</Filter>
    </ClInclude>
    <ClInclude Include="TrianguloRot.h">
      <Filter>headers</Filter>
    </ClInclude>
    <ClInclude Include="vertex_t.h">
      <Filter>headers</Filter>
    </ClInclude>
    <ClInclude Include="stb_image.h">
      <Filter>headers</Filter>
    </ClInclude>
    <ClInclude Include="Camera.h">
      <Filter>headers</Filter>
    </ClInclude>
    <ClInclude Include="CameraKeyboard.h">
      <Filter>headers</Filter>
    </ClInclude>
    <ClInclude Include="CubeTex.h">
      <Filter>headers</Filter>
    </ClInclude>
    <ClInclude Include="GLTexture.h">
      <Filter>headers</Filter>
    </ClInclude>
    <ClInclude Include="Texture.h">
      <Filter>headers</Filter>
    </ClInclude>
    <ClInclude Include="utils.h">
      <Filter>headers</Filter>
    </ClInclude>
    <ClInclude Include="Light.h">
      <Filter>headers</Filter>
    </ClInclude>
    <ClInclude Include="OrbitalLight.h">
      <Filter>headers</Filter>
    </ClInclude>
    <ClInclude Include="RenderProgram.h">
      <Filter>headers</Filter>
    </ClInclude>
    <ClInclude Include="Billboard.h" />
    <ClInclude Include="Particle.h" />
    <ClInclude Include="MSH.h" />
    <ClInclude Include="State.h" />
    <ClInclude Include="Emitter.h" />
  </ItemGroup>
  <ItemGroup>
    <Filter Include="headers">
      <UniqueIdentifier>{61d8907a-3c89-4119-bea2-81500898a9b3}</UniqueIdentifier>
    </Filter>
    <Filter Include="source">
      <UniqueIdentifier>{8089c874-a462-405d-84b9-a9e593cb95e2}</UniqueIdentifier>
    </Filter>
    <Filter Include="data">
      <UniqueIdentifier>{d8a4e039-83dc-493d-8800-2875f4e99dce}</UniqueIdentifier>
    </Filter>
  </ItemGroup>
  <ItemGroup>
    <Image Include="data\_7ddf0ee9.dds.jpg">
      <Filter>data</Filter>
    </Image>
    <Image Include="data\_5259538b.dds.jpg">
      <Filter>data</Filter>
    </Image>
    <Image Include="data\asian_town.png">
      <Filter>data</Filter>
    </Image>
    <Image Include="data\b3fd6310.dds.jpg">
      <Filter>data</Filter>
    </Image>
    <Image Include="data\b04f1d22.dds.jpg">
      <Filter>data</Filter>
    </Image>
    <Image Include="data\c1d75c83.dds.jpg">
      <Filter>data</Filter>
    </Image>
    <Image Include="data\c7b38140.dds.jpg">
      <Filter>data</Filter>
    </Image>
    <Image Include="data\flame.png">
      <Filter>data</Filter>
    </Image>
    <Image Include="data\front.png">
      <Filter>data</Filter>
    </Image>
    <Image Include="data\smoke.png">
      <Filter>data</Filter>
    </Image>
    <Image Include="data\top.png">
      <Filter>data</Filter>
    </Image>
  </ItemGroup>
  <ItemGroup>
    <None Include="data\asian_town.msh">
      <Filter>data</Filter>
    </None>
    <None Include="data\bunny.msh">
      <Filter>data</Filter>
    </None>
    <None Include="data\column.msh">
      <Filter>data</Filter>
    </None>
    <None Include="data\default.fragment">
      <Filter>data</Filter>
    </None>
    <None Include="data\default.vertex">
      <Filter>data</Filter>
    </None>
    <None Include="data\flame.msh">
      <Filter>data</Filter>
    </None>
    <None Include="data\ground.msh">
      <Filter>data</Filter>
    </None>
    <None Include="data\program.fragment">
      <Filter>data</Filter>
    </None>
    <None Include="data\program.vertex">
      <Filter>data</Filter>
    </None>
    <None Include="data\program_instancing.fragment">
      <Filter>data</Filter>
    </None>
    <None Include="data\program_instancing.vertex">
      <Filter>data</Filter>
    </None>
    <None Include="data\smoke.msh">
      <Filter>data</Filter>
    </None>
  </ItemGroup>
</Project>